{
    "_meta": {
        "hash": {
            "sha256": "28f7684783cd3e606b1f4c608cf349a9a7c1ab3dd1738d6df745a86505a9db80"
        },
        "pipfile-spec": 6,
        "requires": {
            "python_full_version": "3.12.2",
            "python_version": "3.12"
        },
        "sources": [
            {
                "name": "pypi",
                "url": "https://pypi.org/simple",
                "verify_ssl": true
            }
        ]
    },
    "default": {},
    "develop": {}
}
